// !$*UTF8*$!
{
	archiveVersion = 1;
	classes = {
	};
	objectVersion = 56;
	objects = {

/* Begin PBXBuildFile section */
		31C28B7A2AC3510D008E3D9C /* FavoriteButton.swift in Sources */ = {isa = PBXBuildFile; fileRef = 31C28B792AC3510D008E3D9C /* FavoriteButton.swift */; };
		31D04B392AC4DD2A00E24C61 /* HexagonParameters.swift in Sources */ = {isa = PBXBuildFile; fileRef = 31D04B382AC4DD2A00E24C61 /* HexagonParameters.swift */; };
		31D04B3B2AC4DDB900E24C61 /* BadgeBackground.swift in Sources */ = {isa = PBXBuildFile; fileRef = 31D04B3A2AC4DDB900E24C61 /* BadgeBackground.swift */; };
		31D04B3D2AC4DEC000E24C61 /* BadgeSymbol.swift in Sources */ = {isa = PBXBuildFile; fileRef = 31D04B3C2AC4DEC000E24C61 /* BadgeSymbol.swift */; };
		31D04B3F2AC4DF2000E24C61 /* RotatedBadgeSymbol.swift in Sources */ = {isa = PBXBuildFile; fileRef = 31D04B3E2AC4DF2000E24C61 /* RotatedBadgeSymbol.swift */; };
		31D04B412AC4DF3900E24C61 /* Badge.swift in Sources */ = {isa = PBXBuildFile; fileRef = 31D04B402AC4DF3900E24C61 /* Badge.swift */; };
		31D04B442AC4E00D00E24C61 /* hikeData.json in Resources */ = {isa = PBXBuildFile; fileRef = 31D04B432AC4E00D00E24C61 /* hikeData.json */; };
		31D04B4C2AC4E0F600E24C61 /* Hike.swift in Sources */ = {isa = PBXBuildFile; fileRef = 31D04B4B2AC4E0F600E24C61 /* Hike.swift */; };
		31D04B522AC4E1A000E24C61 /* GraphCapsule.swift in Sources */ = {isa = PBXBuildFile; fileRef = 31D04B4E2AC4E1A000E24C61 /* GraphCapsule.swift */; };
		31D04B532AC4E1A000E24C61 /* HikeGraph.swift in Sources */ = {isa = PBXBuildFile; fileRef = 31D04B4F2AC4E1A000E24C61 /* HikeGraph.swift */; };
		31D04B542AC4E1A000E24C61 /* HikeDetail.swift in Sources */ = {isa = PBXBuildFile; fileRef = 31D04B502AC4E1A000E24C61 /* HikeDetail.swift */; };
		31D04B552AC4E1A000E24C61 /* HikeView.swift in Sources */ = {isa = PBXBuildFile; fileRef = 31D04B512AC4E1A000E24C61 /* HikeView.swift */; };
		31D5F9ED2AC1ADAF00316E05 /* SWIFTIOSAPPApp.swift in Sources */ = {isa = PBXBuildFile; fileRef = 31D5F9EC2AC1ADAF00316E05 /* SWIFTIOSAPPApp.swift */; };
		31D5F9EF2AC1ADAF00316E05 /* ContentView.swift in Sources */ = {isa = PBXBuildFile; fileRef = 31D5F9EE2AC1ADAF00316E05 /* ContentView.swift */; };
		31D5F9F12AC1ADB100316E05 /* Assets.xcassets in Resources */ = {isa = PBXBuildFile; fileRef = 31D5F9F02AC1ADB100316E05 /* Assets.xcassets */; };
		31D5F9F42AC1ADB100316E05 /* Preview Assets.xcassets in Resources */ = {isa = PBXBuildFile; fileRef = 31D5F9F32AC1ADB100316E05 /* Preview Assets.xcassets */; };
		31D5F9FE2AC1ADB100316E05 /* SWIFTIOSAPPTests.swift in Sources */ = {isa = PBXBuildFile; fileRef = 31D5F9FD2AC1ADB100316E05 /* SWIFTIOSAPPTests.swift */; };
		31D5FA082AC1ADB100316E05 /* SWIFTIOSAPPUITests.swift in Sources */ = {isa = PBXBuildFile; fileRef = 31D5FA072AC1ADB100316E05 /* SWIFTIOSAPPUITests.swift */; };
		31D5FA0A2AC1ADB100316E05 /* SWIFTIOSAPPUITestsLaunchTests.swift in Sources */ = {isa = PBXBuildFile; fileRef = 31D5FA092AC1ADB100316E05 /* SWIFTIOSAPPUITestsLaunchTests.swift */; };
		31D5FA192AC1EBEC00316E05 /* CircleImage.swift in Sources */ = {isa = PBXBuildFile; fileRef = 31D5FA182AC1EBEC00316E05 /* CircleImage.swift */; };
		31D5FA1B2AC1ED0000316E05 /* MapView.swift in Sources */ = {isa = PBXBuildFile; fileRef = 31D5FA1A2AC1ED0000316E05 /* MapView.swift */; };
		31D5FA1D2AC1F84F00316E05 /* landmarkData.json in Resources */ = {isa = PBXBuildFile; fileRef = 31D5FA1C2AC1F84F00316E05 /* landmarkData.json */; };
		31D5FA1F2AC1F87800316E05 /* Landmark.swift in Sources */ = {isa = PBXBuildFile; fileRef = 31D5FA1E2AC1F87800316E05 /* Landmark.swift */; };
		31D5FA212AC1F8FA00316E05 /* ModelData.swift in Sources */ = {isa = PBXBuildFile; fileRef = 31D5FA202AC1F8FA00316E05 /* ModelData.swift */; };
		31D5FA262AC1FA0B00316E05 /* LandmarkRow.swift in Sources */ = {isa = PBXBuildFile; fileRef = 31D5FA252AC1FA0B00316E05 /* LandmarkRow.swift */; };
		31D5FA282AC1FC5800316E05 /* LandmarkList.swift in Sources */ = {isa = PBXBuildFile; fileRef = 31D5FA272AC1FC5800316E05 /* LandmarkList.swift */; };
		31D5FA2A2AC2007C00316E05 /* LandmarkDetail.swift in Sources */ = {isa = PBXBuildFile; fileRef = 31D5FA292AC2007C00316E05 /* LandmarkDetail.swift */; };
/* End PBXBuildFile section */

/* Begin PBXContainerItemProxy section */
		31D5F9FA2AC1ADB100316E05 /* PBXContainerItemProxy */ = {
			isa = PBXContainerItemProxy;
			containerPortal = 31D5F9E12AC1ADAF00316E05 /* Project object */;
			proxyType = 1;
			remoteGlobalIDString = 31D5F9E82AC1ADAF00316E05;
			remoteInfo = SWIFTIOSAPP;
		};
		31D5FA042AC1ADB100316E05 /* PBXContainerItemProxy */ = {
			isa = PBXContainerItemProxy;
			containerPortal = 31D5F9E12AC1ADAF00316E05 /* Project object */;
			proxyType = 1;
			remoteGlobalIDString = 31D5F9E82AC1ADAF00316E05;
			remoteInfo = SWIFTIOSAPP;
		};
/* End PBXContainerItemProxy section */

/* Begin PBXFileReference section */
		31C28B792AC3510D008E3D9C /* FavoriteButton.swift */ = {isa = PBXFileReference; lastKnownFileType = sourcecode.swift; path = FavoriteButton.swift; sourceTree = "<group>"; };
		31D04B382AC4DD2A00E24C61 /* HexagonParameters.swift */ = {isa = PBXFileReference; lastKnownFileType = sourcecode.swift; path = HexagonParameters.swift; sourceTree = "<group>"; };
		31D04B3A2AC4DDB900E24C61 /* BadgeBackground.swift */ = {isa = PBXFileReference; lastKnownFileType = sourcecode.swift; path = BadgeBackground.swift; sourceTree = "<group>"; };
		31D04B3C2AC4DEC000E24C61 /* BadgeSymbol.swift */ = {isa = PBXFileReference; lastKnownFileType = sourcecode.swift; path = BadgeSymbol.swift; sourceTree = "<group>"; };
		31D04B3E2AC4DF2000E24C61 /* RotatedBadgeSymbol.swift */ = {isa = PBXFileReference; lastKnownFileType = sourcecode.swift; path = RotatedBadgeSymbol.swift; sourceTree = "<group>"; };
		31D04B402AC4DF3900E24C61 /* Badge.swift */ = {isa = PBXFileReference; lastKnownFileType = sourcecode.swift; path = Badge.swift; sourceTree = "<group>"; };
		31D04B432AC4E00D00E24C61 /* hikeData.json */ = {isa = PBXFileReference; fileEncoding = 4; lastKnownFileType = text.json; path = hikeData.json; sourceTree = "<group>"; };
		31D04B4B2AC4E0F600E24C61 /* Hike.swift */ = {isa = PBXFileReference; fileEncoding = 4; lastKnownFileType = sourcecode.swift; path = Hike.swift; sourceTree = "<group>"; };
		31D04B4E2AC4E1A000E24C61 /* GraphCapsule.swift */ = {isa = PBXFileReference; fileEncoding = 4; lastKnownFileType = sourcecode.swift; path = GraphCapsule.swift; sourceTree = "<group>"; };
		31D04B4F2AC4E1A000E24C61 /* HikeGraph.swift */ = {isa = PBXFileReference; fileEncoding = 4; lastKnownFileType = sourcecode.swift; path = HikeGraph.swift; sourceTree = "<group>"; };
		31D04B502AC4E1A000E24C61 /* HikeDetail.swift */ = {isa = PBXFileReference; fileEncoding = 4; lastKnownFileType = sourcecode.swift; path = HikeDetail.swift; sourceTree = "<group>"; };
		31D04B512AC4E1A000E24C61 /* HikeView.swift */ = {isa = PBXFileReference; fileEncoding = 4; lastKnownFileType = sourcecode.swift; path = HikeView.swift; sourceTree = "<group>"; };
		31D5F9E92AC1ADAF00316E05 /* SWIFTIOSAPP.app */ = {isa = PBXFileReference; explicitFileType = wrapper.application; includeInIndex = 0; path = SWIFTIOSAPP.app; sourceTree = BUILT_PRODUCTS_DIR; };
		31D5F9EC2AC1ADAF00316E05 /* SWIFTIOSAPPApp.swift */ = {isa = PBXFileReference; lastKnownFileType = sourcecode.swift; path = SWIFTIOSAPPApp.swift; sourceTree = "<group>"; };
		31D5F9EE2AC1ADAF00316E05 /* ContentView.swift */ = {isa = PBXFileReference; lastKnownFileType = sourcecode.swift; path = ContentView.swift; sourceTree = "<group>"; };
		31D5F9F02AC1ADB100316E05 /* Assets.xcassets */ = {isa = PBXFileReference; lastKnownFileType = folder.assetcatalog; path = Assets.xcassets; sourceTree = "<group>"; };
		31D5F9F32AC1ADB100316E05 /* Preview Assets.xcassets */ = {isa = PBXFileReference; lastKnownFileType = folder.assetcatalog; path = "Preview Assets.xcassets"; sourceTree = "<group>"; };
		31D5F9F92AC1ADB100316E05 /* SWIFTIOSAPPTests.xctest */ = {isa = PBXFileReference; explicitFileType = wrapper.cfbundle; includeInIndex = 0; path = SWIFTIOSAPPTests.xctest; sourceTree = BUILT_PRODUCTS_DIR; };
		31D5F9FD2AC1ADB100316E05 /* SWIFTIOSAPPTests.swift */ = {isa = PBXFileReference; lastKnownFileType = sourcecode.swift; path = SWIFTIOSAPPTests.swift; sourceTree = "<group>"; };
		31D5FA032AC1ADB100316E05 /* SWIFTIOSAPPUITests.xctest */ = {isa = PBXFileReference; explicitFileType = wrapper.cfbundle; includeInIndex = 0; path = SWIFTIOSAPPUITests.xctest; sourceTree = BUILT_PRODUCTS_DIR; };
		31D5FA072AC1ADB100316E05 /* SWIFTIOSAPPUITests.swift */ = {isa = PBXFileReference; lastKnownFileType = sourcecode.swift; path = SWIFTIOSAPPUITests.swift; sourceTree = "<group>"; };
		31D5FA092AC1ADB100316E05 /* SWIFTIOSAPPUITestsLaunchTests.swift */ = {isa = PBXFileReference; lastKnownFileType = sourcecode.swift; path = SWIFTIOSAPPUITestsLaunchTests.swift; sourceTree = "<group>"; };
		31D5FA182AC1EBEC00316E05 /* CircleImage.swift */ = {isa = PBXFileReference; lastKnownFileType = sourcecode.swift; path = CircleImage.swift; sourceTree = "<group>"; };
		31D5FA1A2AC1ED0000316E05 /* MapView.swift */ = {isa = PBXFileReference; lastKnownFileType = sourcecode.swift; path = MapView.swift; sourceTree = "<group>"; };
		31D5FA1C2AC1F84F00316E05 /* landmarkData.json */ = {isa = PBXFileReference; fileEncoding = 4; lastKnownFileType = text.json; path = landmarkData.json; sourceTree = "<group>"; };
		31D5FA1E2AC1F87800316E05 /* Landmark.swift */ = {isa = PBXFileReference; lastKnownFileType = sourcecode.swift; path = Landmark.swift; sourceTree = "<group>"; };
		31D5FA202AC1F8FA00316E05 /* ModelData.swift */ = {isa = PBXFileReference; lastKnownFileType = sourcecode.swift; path = ModelData.swift; sourceTree = "<group>"; };
		31D5FA252AC1FA0B00316E05 /* LandmarkRow.swift */ = {isa = PBXFileReference; lastKnownFileType = sourcecode.swift; path = LandmarkRow.swift; sourceTree = "<group>"; };
		31D5FA272AC1FC5800316E05 /* LandmarkList.swift */ = {isa = PBXFileReference; lastKnownFileType = sourcecode.swift; path = LandmarkList.swift; sourceTree = "<group>"; };
		31D5FA292AC2007C00316E05 /* LandmarkDetail.swift */ = {isa = PBXFileReference; lastKnownFileType = sourcecode.swift; path = LandmarkDetail.swift; sourceTree = "<group>"; };
/* End PBXFileReference section */

/* Begin PBXFrameworksBuildPhase section */
		31D5F9E62AC1ADAF00316E05 /* Frameworks */ = {
			isa = PBXFrameworksBuildPhase;
			buildActionMask = 2147483647;
			files = (
			);
			runOnlyForDeploymentPostprocessing = 0;
		};
		31D5F9F62AC1ADB100316E05 /* Frameworks */ = {
			isa = PBXFrameworksBuildPhase;
			buildActionMask = 2147483647;
			files = (
			);
			runOnlyForDeploymentPostprocessing = 0;
		};
		31D5FA002AC1ADB100316E05 /* Frameworks */ = {
			isa = PBXFrameworksBuildPhase;
			buildActionMask = 2147483647;
			files = (
			);
			runOnlyForDeploymentPostprocessing = 0;
		};
/* End PBXFrameworksBuildPhase section */

/* Begin PBXGroup section */
		31C28B7B2AC35142008E3D9C /* Landmarks */ = {
			isa = PBXGroup;
			children = (
				31D5FA252AC1FA0B00316E05 /* LandmarkRow.swift */,
				31D5FA272AC1FC5800316E05 /* LandmarkList.swift */,
				31D5FA292AC2007C00316E05 /* LandmarkDetail.swift */,
			);
			path = Landmarks;
			sourceTree = "<group>";
		};
		31C28B7C2AC35178008E3D9C /* Helpers */ = {
			isa = PBXGroup;
			children = (
				31D5FA182AC1EBEC00316E05 /* CircleImage.swift */,
				31D5FA1A2AC1ED0000316E05 /* MapView.swift */,
				31C28B792AC3510D008E3D9C /* FavoriteButton.swift */,
			);
			path = Helpers;
			sourceTree = "<group>";
		};
		31D04B422AC4DF8000E24C61 /* Badges */ = {
			isa = PBXGroup;
			children = (
				31D04B3A2AC4DDB900E24C61 /* BadgeBackground.swift */,
				31D04B382AC4DD2A00E24C61 /* HexagonParameters.swift */,
				31D04B3C2AC4DEC000E24C61 /* BadgeSymbol.swift */,
				31D04B3E2AC4DF2000E24C61 /* RotatedBadgeSymbol.swift */,
				31D04B402AC4DF3900E24C61 /* Badge.swift */,
			);
			path = Badges;
			sourceTree = "<group>";
		};
		31D04B4D2AC4E1A000E24C61 /* Hikes */ = {
			isa = PBXGroup;
			children = (
				31D04B4E2AC4E1A000E24C61 /* GraphCapsule.swift */,
				31D04B4F2AC4E1A000E24C61 /* HikeGraph.swift */,
				31D04B502AC4E1A000E24C61 /* HikeDetail.swift */,
				31D04B512AC4E1A000E24C61 /* HikeView.swift */,
			);
			path = Hikes;
			sourceTree = "<group>";
		};
		31D5F9E02AC1ADAF00316E05 = {
			isa = PBXGroup;
			children = (
				31D5F9EB2AC1ADAF00316E05 /* SWIFTIOSAPP */,
				31D5F9FC2AC1ADB100316E05 /* SWIFTIOSAPPTests */,
				31D5FA062AC1ADB100316E05 /* SWIFTIOSAPPUITests */,
				31D5F9EA2AC1ADAF00316E05 /* Products */,
			);
			sourceTree = "<group>";
		};
		31D5F9EA2AC1ADAF00316E05 /* Products */ = {
			isa = PBXGroup;
			children = (
				31D5F9E92AC1ADAF00316E05 /* SWIFTIOSAPP.app */,
				31D5F9F92AC1ADB100316E05 /* SWIFTIOSAPPTests.xctest */,
				31D5FA032AC1ADB100316E05 /* SWIFTIOSAPPUITests.xctest */,
			);
			name = Products;
			sourceTree = "<group>";
		};
		31D5F9EB2AC1ADAF00316E05 /* SWIFTIOSAPP */ = {
			isa = PBXGroup;
			children = (
				31D5FA242AC1F99200316E05 /* Resources */,
				31D5FA232AC1F96E00316E05 /* Model */,
				31D5F9EC2AC1ADAF00316E05 /* SWIFTIOSAPPApp.swift */,
				31D5FA222AC1F93900316E05 /* View */,
				31D5F9F02AC1ADB100316E05 /* Assets.xcassets */,
				31D5F9F22AC1ADB100316E05 /* Preview Content */,
			);
			path = SWIFTIOSAPP;
			sourceTree = "<group>";
		};
		31D5F9F22AC1ADB100316E05 /* Preview Content */ = {
			isa = PBXGroup;
			children = (
				31D5F9F32AC1ADB100316E05 /* Preview Assets.xcassets */,
			);
			path = "Preview Content";
			sourceTree = "<group>";
		};
		31D5F9FC2AC1ADB100316E05 /* SWIFTIOSAPPTests */ = {
			isa = PBXGroup;
			children = (
				31D5F9FD2AC1ADB100316E05 /* SWIFTIOSAPPTests.swift */,
			);
			path = SWIFTIOSAPPTests;
			sourceTree = "<group>";
		};
		31D5FA062AC1ADB100316E05 /* SWIFTIOSAPPUITests */ = {
			isa = PBXGroup;
			children = (
				31D5FA072AC1ADB100316E05 /* SWIFTIOSAPPUITests.swift */,
				31D5FA092AC1ADB100316E05 /* SWIFTIOSAPPUITestsLaunchTests.swift */,
			);
			path = SWIFTIOSAPPUITests;
			sourceTree = "<group>";
		};
		31D5FA222AC1F93900316E05 /* View */ = {
			isa = PBXGroup;
			children = (
				31D04B4D2AC4E1A000E24C61 /* Hikes */,
				31D04B422AC4DF8000E24C61 /* Badges */,
				31C28B7C2AC35178008E3D9C /* Helpers */,
				31C28B7B2AC35142008E3D9C /* Landmarks */,
				31D5F9EE2AC1ADAF00316E05 /* ContentView.swift */,
			);
			path = View;
			sourceTree = "<group>";
		};
		31D5FA232AC1F96E00316E05 /* Model */ = {
			isa = PBXGroup;
			children = (
				31D5FA202AC1F8FA00316E05 /* ModelData.swift */,
				31D5FA1E2AC1F87800316E05 /* Landmark.swift */,
				31D04B4B2AC4E0F600E24C61 /* Hike.swift */,
			);
			path = Model;
			sourceTree = "<group>";
		};
		31D5FA242AC1F99200316E05 /* Resources */ = {
			isa = PBXGroup;
			children = (
				31D5FA1C2AC1F84F00316E05 /* landmarkData.json */,
				31D04B432AC4E00D00E24C61 /* hikeData.json */,
			);
			path = Resources;
			sourceTree = "<group>";
		};
/* End PBXGroup section */

/* Begin PBXNativeTarget section */
		31D5F9E82AC1ADAF00316E05 /* SWIFTIOSAPP */ = {
			isa = PBXNativeTarget;
			buildConfigurationList = 31D5FA0D2AC1ADB100316E05 /* Build configuration list for PBXNativeTarget "SWIFTIOSAPP" */;
			buildPhases = (
				31D5F9E52AC1ADAF00316E05 /* Sources */,
				31D5F9E62AC1ADAF00316E05 /* Frameworks */,
				31D5F9E72AC1ADAF00316E05 /* Resources */,
			);
			buildRules = (
			);
			dependencies = (
			);
			name = SWIFTIOSAPP;
			productName = SWIFTIOSAPP;
			productReference = 31D5F9E92AC1ADAF00316E05 /* SWIFTIOSAPP.app */;
			productType = "com.apple.product-type.application";
		};
		31D5F9F82AC1ADB100316E05 /* SWIFTIOSAPPTests */ = {
			isa = PBXNativeTarget;
			buildConfigurationList = 31D5FA102AC1ADB100316E05 /* Build configuration list for PBXNativeTarget "SWIFTIOSAPPTests" */;
			buildPhases = (
				31D5F9F52AC1ADB100316E05 /* Sources */,
				31D5F9F62AC1ADB100316E05 /* Frameworks */,
				31D5F9F72AC1ADB100316E05 /* Resources */,
			);
			buildRules = (
			);
			dependencies = (
				31D5F9FB2AC1ADB100316E05 /* PBXTargetDependency */,
			);
			name = SWIFTIOSAPPTests;
			productName = SWIFTIOSAPPTests;
			productReference = 31D5F9F92AC1ADB100316E05 /* SWIFTIOSAPPTests.xctest */;
			productType = "com.apple.product-type.bundle.unit-test";
		};
		31D5FA022AC1ADB100316E05 /* SWIFTIOSAPPUITests */ = {
			isa = PBXNativeTarget;
			buildConfigurationList = 31D5FA132AC1ADB100316E05 /* Build configuration list for PBXNativeTarget "SWIFTIOSAPPUITests" */;
			buildPhases = (
				31D5F9FF2AC1ADB100316E05 /* Sources */,
				31D5FA002AC1ADB100316E05 /* Frameworks */,
				31D5FA012AC1ADB100316E05 /* Resources */,
			);
			buildRules = (
			);
			dependencies = (
				31D5FA052AC1ADB100316E05 /* PBXTargetDependency */,
			);
			name = SWIFTIOSAPPUITests;
			productName = SWIFTIOSAPPUITests;
			productReference = 31D5FA032AC1ADB100316E05 /* SWIFTIOSAPPUITests.xctest */;
			productType = "com.apple.product-type.bundle.ui-testing";
		};
/* End PBXNativeTarget section */

/* Begin PBXProject section */
		31D5F9E12AC1ADAF00316E05 /* Project object */ = {
			isa = PBXProject;
			attributes = {
				BuildIndependentTargetsInParallel = 1;
				LastSwiftUpdateCheck = 1500;
				LastUpgradeCheck = 1500;
				TargetAttributes = {
					31D5F9E82AC1ADAF00316E05 = {
						CreatedOnToolsVersion = 15.0;
					};
					31D5F9F82AC1ADB100316E05 = {
						CreatedOnToolsVersion = 15.0;
						TestTargetID = 31D5F9E82AC1ADAF00316E05;
					};
					31D5FA022AC1ADB100316E05 = {
						CreatedOnToolsVersion = 15.0;
						TestTargetID = 31D5F9E82AC1ADAF00316E05;
					};
				};
			};
			buildConfigurationList = 31D5F9E42AC1ADAF00316E05 /* Build configuration list for PBXProject "SWIFTIOSAPP" */;
			compatibilityVersion = "Xcode 14.0";
			developmentRegion = en;
			hasScannedForEncodings = 0;
			knownRegions = (
				en,
				Base,
			);
			mainGroup = 31D5F9E02AC1ADAF00316E05;
			productRefGroup = 31D5F9EA2AC1ADAF00316E05 /* Products */;
			projectDirPath = "";
			projectRoot = "";
			targets = (
				31D5F9E82AC1ADAF00316E05 /* SWIFTIOSAPP */,
				31D5F9F82AC1ADB100316E05 /* SWIFTIOSAPPTests */,
				31D5FA022AC1ADB100316E05 /* SWIFTIOSAPPUITests */,
			);
		};
/* End PBXProject section */

/* Begin PBXResourcesBuildPhase section */
		31D5F9E72AC1ADAF00316E05 /* Resources */ = {
			isa = PBXResourcesBuildPhase;
			buildActionMask = 2147483647;
			files = (
				31D04B442AC4E00D00E24C61 /* hikeData.json in Resources */,
				31D5F9F42AC1ADB100316E05 /* Preview Assets.xcassets in Resources */,
				31D5F9F12AC1ADB100316E05 /* Assets.xcassets in Resources */,
				31D5FA1D2AC1F84F00316E05 /* landmarkData.json in Resources */,
			);
			runOnlyForDeploymentPostprocessing = 0;
		};
		31D5F9F72AC1ADB100316E05 /* Resources */ = {
			isa = PBXResourcesBuildPhase;
			buildActionMask = 2147483647;
			files = (
			);
			runOnlyForDeploymentPostprocessing = 0;
		};
		31D5FA012AC1ADB100316E05 /* Resources */ = {
			isa = PBXResourcesBuildPhase;
			buildActionMask = 2147483647;
			files = (
			);
			runOnlyForDeploymentPostprocessing = 0;
		};
/* End PBXResourcesBuildPhase section */

/* Begin PBXSourcesBuildPhase section */
		31D5F9E52AC1ADAF00316E05 /* Sources */ = {
			isa = PBXSourcesBuildPhase;
			buildActionMask = 2147483647;
			files = (
				31D5F9EF2AC1ADAF00316E05 /* ContentView.swift in Sources */,
				31D04B532AC4E1A000E24C61 /* HikeGraph.swift in Sources */,
				31D04B412AC4DF3900E24C61 /* Badge.swift in Sources */,
				31D5FA1B2AC1ED0000316E05 /* MapView.swift in Sources */,
				31D04B522AC4E1A000E24C61 /* GraphCapsule.swift in Sources */,
				31D5F9ED2AC1ADAF00316E05 /* SWIFTIOSAPPApp.swift in Sources */,
				31C28B7A2AC3510D008E3D9C /* FavoriteButton.swift in Sources */,
				31D04B542AC4E1A000E24C61 /* HikeDetail.swift in Sources */,
				31D04B392AC4DD2A00E24C61 /* HexagonParameters.swift in Sources */,
				31D04B4C2AC4E0F600E24C61 /* Hike.swift in Sources */,
				31D04B3F2AC4DF2000E24C61 /* RotatedBadgeSymbol.swift in Sources */,
				31D04B3D2AC4DEC000E24C61 /* BadgeSymbol.swift in Sources */,
				31D5FA282AC1FC5800316E05 /* LandmarkList.swift in Sources */,
				31D04B552AC4E1A000E24C61 /* HikeView.swift in Sources */,
				31D5FA2A2AC2007C00316E05 /* LandmarkDetail.swift in Sources */,
				31D04B3B2AC4DDB900E24C61 /* BadgeBackground.swift in Sources */,
				31D5FA192AC1EBEC00316E05 /* CircleImage.swift in Sources */,
				31D5FA1F2AC1F87800316E05 /* Landmark.swift in Sources */,
				31D5FA262AC1FA0B00316E05 /* LandmarkRow.swift in Sources */,
				31D5FA212AC1F8FA00316E05 /* ModelData.swift in Sources */,
			);
			runOnlyForDeploymentPostprocessing = 0;
		};
		31D5F9F52AC1ADB100316E05 /* Sources */ = {
			isa = PBXSourcesBuildPhase;
			buildActionMask = 2147483647;
			files = (
				31D5F9FE2AC1ADB100316E05 /* SWIFTIOSAPPTests.swift in Sources */,
			);
			runOnlyForDeploymentPostprocessing = 0;
		};
		31D5F9FF2AC1ADB100316E05 /* Sources */ = {
			isa = PBXSourcesBuildPhase;
			buildActionMask = 2147483647;
			files = (
				31D5FA0A2AC1ADB100316E05 /* SWIFTIOSAPPUITestsLaunchTests.swift in Sources */,
				31D5FA082AC1ADB100316E05 /* SWIFTIOSAPPUITests.swift in Sources */,
			);
			runOnlyForDeploymentPostprocessing = 0;
		};
/* End PBXSourcesBuildPhase section */

/* Begin PBXTargetDependency section */
		31D5F9FB2AC1ADB100316E05 /* PBXTargetDependency */ = {
			isa = PBXTargetDependency;
			target = 31D5F9E82AC1ADAF00316E05 /* SWIFTIOSAPP */;
			targetProxy = 31D5F9FA2AC1ADB100316E05 /* PBXContainerItemProxy */;
		};
		31D5FA052AC1ADB100316E05 /* PBXTargetDependency */ = {
			isa = PBXTargetDependency;
			target = 31D5F9E82AC1ADAF00316E05 /* SWIFTIOSAPP */;
			targetProxy = 31D5FA042AC1ADB100316E05 /* PBXContainerItemProxy */;
		};
/* End PBXTargetDependency section */

/* Begin XCBuildConfiguration section */
		31D5FA0B2AC1ADB100316E05 /* Debug */ = {
			isa = XCBuildConfiguration;
			buildSettings = {
				ALWAYS_SEARCH_USER_PATHS = NO;
				ASSETCATALOG_COMPILER_GENERATE_SWIFT_ASSET_SYMBOL_EXTENSIONS = YES;
				CLANG_ANALYZER_NONNULL = YES;
				CLANG_ANALYZER_NUMBER_OBJECT_CONVERSION = YES_AGGRESSIVE;
				CLANG_CXX_LANGUAGE_STANDARD = "gnu++20";
				CLANG_ENABLE_MODULES = YES;
				CLANG_ENABLE_OBJC_ARC = YES;
				CLANG_ENABLE_OBJC_WEAK = YES;
				CLANG_WARN_BLOCK_CAPTURE_AUTORELEASING = YES;
				CLANG_WARN_BOOL_CONVERSION = YES;
				CLANG_WARN_COMMA = YES;
				CLANG_WARN_CONSTANT_CONVERSION = YES;
				CLANG_WARN_DEPRECATED_OBJC_IMPLEMENTATIONS = YES;
				CLANG_WARN_DIRECT_OBJC_ISA_USAGE = YES_ERROR;
				CLANG_WARN_DOCUMENTATION_COMMENTS = YES;
				CLANG_WARN_EMPTY_BODY = YES;
				CLANG_WARN_ENUM_CONVERSION = YES;
				CLANG_WARN_INFINITE_RECURSION = YES;
				CLANG_WARN_INT_CONVERSION = YES;
				CLANG_WARN_NON_LITERAL_NULL_CONVERSION = YES;
				CLANG_WARN_OBJC_IMPLICIT_RETAIN_SELF = YES;
				CLANG_WARN_OBJC_LITERAL_CONVERSION = YES;
				CLANG_WARN_OBJC_ROOT_CLASS = YES_ERROR;
				CLANG_WARN_QUOTED_INCLUDE_IN_FRAMEWORK_HEADER = YES;
				CLANG_WARN_RANGE_LOOP_ANALYSIS = YES;
				CLANG_WARN_STRICT_PROTOTYPES = YES;
				CLANG_WARN_SUSPICIOUS_MOVE = YES;
				CLANG_WARN_UNGUARDED_AVAILABILITY = YES_AGGRESSIVE;
				CLANG_WARN_UNREACHABLE_CODE = YES;
				CLANG_WARN__DUPLICATE_METHOD_MATCH = YES;
				COPY_PHASE_STRIP = NO;
				DEBUG_INFORMATION_FORMAT = dwarf;
				ENABLE_STRICT_OBJC_MSGSEND = YES;
				ENABLE_TESTABILITY = YES;
				ENABLE_USER_SCRIPT_SANDBOXING = YES;
				GCC_C_LANGUAGE_STANDARD = gnu17;
				GCC_DYNAMIC_NO_PIC = NO;
				GCC_NO_COMMON_BLOCKS = YES;
				GCC_OPTIMIZATION_LEVEL = 0;
				GCC_PREPROCESSOR_DEFINITIONS = (
					"DEBUG=1",
					"$(inherited)",
				);
				GCC_WARN_64_TO_32_BIT_CONVERSION = YES;
				GCC_WARN_ABOUT_RETURN_TYPE = YES_ERROR;
				GCC_WARN_UNDECLARED_SELECTOR = YES;
				GCC_WARN_UNINITIALIZED_AUTOS = YES_AGGRESSIVE;
				GCC_WARN_UNUSED_FUNCTION = YES;
				GCC_WARN_UNUSED_VARIABLE = YES;
				IPHONEOS_DEPLOYMENT_TARGET = 17.0;
				LOCALIZATION_PREFERS_STRING_CATALOGS = YES;
				MTL_ENABLE_DEBUG_INFO = INCLUDE_SOURCE;
				MTL_FAST_MATH = YES;
				ONLY_ACTIVE_ARCH = YES;
				SDKROOT = iphoneos;
				SWIFT_ACTIVE_COMPILATION_CONDITIONS = "DEBUG $(inherited)";
				SWIFT_OPTIMIZATION_LEVEL = "-Onone";
			};
			name = Debug;
		};
		31D5FA0C2AC1ADB100316E05 /* Release */ = {
			isa = XCBuildConfiguration;
			buildSettings = {
				ALWAYS_SEARCH_USER_PATHS = NO;
				ASSETCATALOG_COMPILER_GENERATE_SWIFT_ASSET_SYMBOL_EXTENSIONS = YES;
				CLANG_ANALYZER_NONNULL = YES;
				CLANG_ANALYZER_NUMBER_OBJECT_CONVERSION = YES_AGGRESSIVE;
				CLANG_CXX_LANGUAGE_STANDARD = "gnu++20";
				CLANG_ENABLE_MODULES = YES;
				CLANG_ENABLE_OBJC_ARC = YES;
				CLANG_ENABLE_OBJC_WEAK = YES;
				CLANG_WARN_BLOCK_CAPTURE_AUTORELEASING = YES;
				CLANG_WARN_BOOL_CONVERSION = YES;
				CLANG_WARN_COMMA = YES;
				CLANG_WARN_CONSTANT_CONVERSION = YES;
				CLANG_WARN_DEPRECATED_OBJC_IMPLEMENTATIONS = YES;
				CLANG_WARN_DIRECT_OBJC_ISA_USAGE = YES_ERROR;
				CLANG_WARN_DOCUMENTATION_COMMENTS = YES;
				CLANG_WARN_EMPTY_BODY = YES;
				CLANG_WARN_ENUM_CONVERSION = YES;
				CLANG_WARN_INFINITE_RECURSION = YES;
				CLANG_WARN_INT_CONVERSION = YES;
				CLANG_WARN_NON_LITERAL_NULL_CONVERSION = YES;
				CLANG_WARN_OBJC_IMPLICIT_RETAIN_SELF = YES;
				CLANG_WARN_OBJC_LITERAL_CONVERSION = YES;
				CLANG_WARN_OBJC_ROOT_CLASS = YES_ERROR;
				CLANG_WARN_QUOTED_INCLUDE_IN_FRAMEWORK_HEADER = YES;
				CLANG_WARN_RANGE_LOOP_ANALYSIS = YES;
				CLANG_WARN_STRICT_PROTOTYPES = YES;
				CLANG_WARN_SUSPICIOUS_MOVE = YES;
				CLANG_WARN_UNGUARDED_AVAILABILITY = YES_AGGRESSIVE;
				CLANG_WARN_UNREACHABLE_CODE = YES;
				CLANG_WARN__DUPLICATE_METHOD_MATCH = YES;
				COPY_PHASE_STRIP = NO;
				DEBUG_INFORMATION_FORMAT = "dwarf-with-dsym";
				ENABLE_NS_ASSERTIONS = NO;
				ENABLE_STRICT_OBJC_MSGSEND = YES;
				ENABLE_USER_SCRIPT_SANDBOXING = YES;
				GCC_C_LANGUAGE_STANDARD = gnu17;
				GCC_NO_COMMON_BLOCKS = YES;
				GCC_WARN_64_TO_32_BIT_CONVERSION = YES;
				GCC_WARN_ABOUT_RETURN_TYPE = YES_ERROR;
				GCC_WARN_UNDECLARED_SELECTOR = YES;
				GCC_WARN_UNINITIALIZED_AUTOS = YES_AGGRESSIVE;
				GCC_WARN_UNUSED_FUNCTION = YES;
				GCC_WARN_UNUSED_VARIABLE = YES;
				IPHONEOS_DEPLOYMENT_TARGET = 17.0;
				LOCALIZATION_PREFERS_STRING_CATALOGS = YES;
				MTL_ENABLE_DEBUG_INFO = NO;
				MTL_FAST_MATH = YES;
				SDKROOT = iphoneos;
				SWIFT_COMPILATION_MODE = wholemodule;
				VALIDATE_PRODUCT = YES;
			};
			name = Release;
		};
		31D5FA0E2AC1ADB100316E05 /* Debug */ = {
			isa = XCBuildConfiguration;
			buildSettings = {
				ASSETCATALOG_COMPILER_APPICON_NAME = AppIcon;
				ASSETCATALOG_COMPILER_GLOBAL_ACCENT_COLOR_NAME = AccentColor;
				CODE_SIGN_STYLE = Automatic;
				CURRENT_PROJECT_VERSION = 1;
				DEVELOPMENT_ASSET_PATHS = "\"SWIFTIOSAPP/Preview Content\"";
				DEVELOPMENT_TEAM = 796GV67F67;
				ENABLE_PREVIEWS = YES;
				GENERATE_INFOPLIST_FILE = YES;
				INFOPLIST_KEY_UIApplicationSceneManifest_Generation = YES;
				INFOPLIST_KEY_UIApplicationSupportsIndirectInputEvents = YES;
				INFOPLIST_KEY_UILaunchScreen_Generation = YES;
				INFOPLIST_KEY_UISupportedInterfaceOrientations_iPad = "UIInterfaceOrientationPortrait UIInterfaceOrientationPortraitUpsideDown UIInterfaceOrientationLandscapeLeft UIInterfaceOrientationLandscapeRight";
				INFOPLIST_KEY_UISupportedInterfaceOrientations_iPhone = "UIInterfaceOrientationPortrait UIInterfaceOrientationLandscapeLeft UIInterfaceOrientationLandscapeRight";
				LD_RUNPATH_SEARCH_PATHS = (
					"$(inherited)",
					"@executable_path/Frameworks",
				);
				MARKETING_VERSION = 1.0;
				PRODUCT_BUNDLE_IDENTIFIER = com.junjieli.SWIFTIOSAPP;
				PRODUCT_NAME = "$(TARGET_NAME)";
				SWIFT_EMIT_LOC_STRINGS = YES;
				SWIFT_VERSION = 5.0;
				TARGETED_DEVICE_FAMILY = "1,2";
			};
			name = Debug;
		};
		31D5FA0F2AC1ADB100316E05 /* Release */ = {
			isa = XCBuildConfiguration;
			buildSettings = {
				ASSETCATALOG_COMPILER_APPICON_NAME = AppIcon;
				ASSETCATALOG_COMPILER_GLOBAL_ACCENT_COLOR_NAME = AccentColor;
				CODE_SIGN_STYLE = Automatic;
				CURRENT_PROJECT_VERSION = 1;
				DEVELOPMENT_ASSET_PATHS = "\"SWIFTIOSAPP/Preview Content\"";
				DEVELOPMENT_TEAM = 796GV67F67;
				ENABLE_PREVIEWS = YES;
				GENERATE_INFOPLIST_FILE = YES;
				INFOPLIST_KEY_UIApplicationSceneManifest_Generation = YES;
				INFOPLIST_KEY_UIApplicationSupportsIndirectInputEvents = YES;
				INFOPLIST_KEY_UILaunchScreen_Generation = YES;
				INFOPLIST_KEY_UISupportedInterfaceOrientations_iPad = "UIInterfaceOrientationPortrait UIInterfaceOrientationPortraitUpsideDown UIInterfaceOrientationLandscapeLeft UIInterfaceOrientationLandscapeRight";
				INFOPLIST_KEY_UISupportedInterfaceOrientations_iPhone = "UIInterfaceOrientationPortrait UIInterfaceOrientationLandscapeLeft UIInterfaceOrientationLandscapeRight";
				LD_RUNPATH_SEARCH_PATHS = (
					"$(inherited)",
					"@executable_path/Frameworks",
				);
				MARKETING_VERSION = 1.0;
				PRODUCT_BUNDLE_IDENTIFIER = com.junjieli.SWIFTIOSAPP;
				PRODUCT_NAME = "$(TARGET_NAME)";
				SWIFT_EMIT_LOC_STRINGS = YES;
				SWIFT_VERSION = 5.0;
				TARGETED_DEVICE_FAMILY = "1,2";
			};
			name = Release;
		};
		31D5FA112AC1ADB100316E05 /* Debug */ = {
			isa = XCBuildConfiguration;
			buildSettings = {
				ALWAYS_EMBED_SWIFT_STANDARD_LIBRARIES = YES;
				BUNDLE_LOADER = "$(TEST_HOST)";
				CODE_SIGN_STYLE = Automatic;
				CURRENT_PROJECT_VERSION = 1;
				DEVELOPMENT_TEAM = 796GV67F67;
				GENERATE_INFOPLIST_FILE = YES;
				IPHONEOS_DEPLOYMENT_TARGET = 17.0;
				MARKETING_VERSION = 1.0;
				PRODUCT_BUNDLE_IDENTIFIER = com.junjieli.SWIFTIOSAPPTests;
				PRODUCT_NAME = "$(TARGET_NAME)";
				SWIFT_EMIT_LOC_STRINGS = NO;
				SWIFT_VERSION = 5.0;
				TARGETED_DEVICE_FAMILY = "1,2";
				TEST_HOST = "$(BUILT_PRODUCTS_DIR)/SWIFTIOSAPP.app/$(BUNDLE_EXECUTABLE_FOLDER_PATH)/SWIFTIOSAPP";
			};
			name = Debug;
		};
		31D5FA122AC1ADB100316E05 /* Release */ = {
			isa = XCBuildConfiguration;
			buildSettings = {
				ALWAYS_EMBED_SWIFT_STANDARD_LIBRARIES = YES;
				BUNDLE_LOADER = "$(TEST_HOST)";
				CODE_SIGN_STYLE = Automatic;
				CURRENT_PROJECT_VERSION = 1;
				DEVELOPMENT_TEAM = 796GV67F67;
				GENERATE_INFOPLIST_FILE = YES;
				IPHONEOS_DEPLOYMENT_TARGET = 17.0;
				MARKETING_VERSION = 1.0;
				PRODUCT_BUNDLE_IDENTIFIER = com.junjieli.SWIFTIOSAPPTests;
				PRODUCT_NAME = "$(TARGET_NAME)";
				SWIFT_EMIT_LOC_STRINGS = NO;
				SWIFT_VERSION = 5.0;
				TARGETED_DEVICE_FAMILY = "1,2";
				TEST_HOST = "$(BUILT_PRODUCTS_DIR)/SWIFTIOSAPP.app/$(BUNDLE_EXECUTABLE_FOLDER_PATH)/SWIFTIOSAPP";
			};
			name = Release;
		};
		31D5FA142AC1ADB100316E05 /* Debug */ = {
			isa = XCBuildConfiguration;
			buildSettings = {
				ALWAYS_EMBED_SWIFT_STANDARD_LIBRARIES = YES;
				CODE_SIGN_STYLE = Automatic;
				CURRENT_PROJECT_VERSION = 1;
				DEVELOPMENT_TEAM = 796GV67F67;
				GENERATE_INFOPLIST_FILE = YES;
				MARKETING_VERSION = 1.0;
				PRODUCT_BUNDLE_IDENTIFIER = com.junjieli.SWIFTIOSAPPUITests;
				PRODUCT_NAME = "$(TARGET_NAME)";
				SWIFT_EMIT_LOC_STRINGS = NO;
				SWIFT_VERSION = 5.0;
				TARGETED_DEVICE_FAMILY = "1,2";
				TEST_TARGET_NAME = SWIFTIOSAPP;
			};
			name = Debug;
		};
		31D5FA152AC1ADB100316E05 /* Release */ = {
			isa = XCBuildConfiguration;
			buildSettings = {
				ALWAYS_EMBED_SWIFT_STANDARD_LIBRARIES = YES;
				CODE_SIGN_STYLE = Automatic;
				CURRENT_PROJECT_VERSION = 1;
				DEVELOPMENT_TEAM = 796GV67F67;
				GENERATE_INFOPLIST_FILE = YES;
				MARKETING_VERSION = 1.0;
				PRODUCT_BUNDLE_IDENTIFIER = com.junjieli.SWIFTIOSAPPUITests;
				PRODUCT_NAME = "$(TARGET_NAME)";
				SWIFT_EMIT_LOC_STRINGS = NO;
				SWIFT_VERSION = 5.0;
				TARGETED_DEVICE_FAMILY = "1,2";
				TEST_TARGET_NAME = SWIFTIOSAPP;
			};
			name = Release;
		};
/* End XCBuildConfiguration section */

/* Begin XCConfigurationList section */
		31D5F9E42AC1ADAF00316E05 /* Build configuration list for PBXProject "SWIFTIOSAPP" */ = {
			isa = XCConfigurationList;
			buildConfigurations = (
				31D5FA0B2AC1ADB100316E05 /* Debug */,
				31D5FA0C2AC1ADB100316E05 /* Release */,
			);
			defaultConfigurationIsVisible = 0;
			defaultConfigurationName = Release;
		};
		31D5FA0D2AC1ADB100316E05 /* Build configuration list for PBXNativeTarget "SWIFTIOSAPP" */ = {
			isa = XCConfigurationList;
			buildConfigurations = (
				31D5FA0E2AC1ADB100316E05 /* Debug */,
				31D5FA0F2AC1ADB100316E05 /* Release */,
			);
			defaultConfigurationIsVisible = 0;
			defaultConfigurationName = Release;
		};
		31D5FA102AC1ADB100316E05 /* Build configuration list for PBXNativeTarget "SWIFTIOSAPPTests" */ = {
			isa = XCConfigurationList;
			buildConfigurations = (
				31D5FA112AC1ADB100316E05 /* Debug */,
				31D5FA122AC1ADB100316E05 /* Release */,
			);
			defaultConfigurationIsVisible = 0;
			defaultConfigurationName = Release;
		};
		31D5FA132AC1ADB100316E05 /* Build configuration list for PBXNativeTarget "SWIFTIOSAPPUITests" */ = {
			isa = XCConfigurationList;
			buildConfigurations = (
				31D5FA142AC1ADB100316E05 /* Debug */,
				31D5FA152AC1ADB100316E05 /* Release */,
			);
			defaultConfigurationIsVisible = 0;
			defaultConfigurationName = Release;
		};
/* End XCConfigurationList section */
	};
	rootObject = 31D5F9E12AC1ADAF00316E05 /* Project object */;
}
